
Microsoft Visual Studio Solution File, Format Version 12.00
# Visual Studio Version 17
VisualStudioVersion = 17.9.34616.47
MinimumVisualStudioVersion = 10.0.40219.1
Project("{FAE04EC0-301F-11D3-BF4B-00C04F79EFBC}") = "SalaryHolderDataBase", "SalaryHolderDataBase\SalaryHolderDataBase.csproj", "{78D08C1F-71EF-4291-AE20-45D5B12EB62D}"
EndProject
Global
	GlobalSection(SolutionConfigurationPlatforms) = preSolution
		Debug|Any CPU = Debug|Any CPU
		Release|Any CPU = Release|Any CPU
	EndGlobalSection
	GlobalSection(ProjectConfigurationPlatforms) = postSolution
		{78D08C1F-71EF-4291-AE20-45D5B12EB62D}.Debug|Any CPU.ActiveCfg = Debug|Any CPU
		{78D08C1F-71EF-4291-AE20-45D5B12EB62D}.Debug|Any CPU.Build.0 = Debug|Any CPU
		{78D08C1F-71EF-4291-AE20-45D5B12EB62D}.Release|Any CPU.ActiveCfg = Release|Any CPU
		{78D08C1F-71EF-4291-AE20-45D5B12EB62D}.Release|Any CPU.Build.0 = Release|Any CPU
	EndGlobalSection
	GlobalSection(SolutionProperties) = preSolution
		HideSolutionNode = FALSE
	EndGlobalSection
	GlobalSection(ExtensibilityGlobals) = postSolution
		SolutionGuid = {F04F6AF9-3DF7-4A2E-978D-797B111DD981}
	EndGlobalSection
EndGlobal
